// !$*UTF8*$!
{
	archiveVersion = 1;
	classes = {
	};
	objectVersion = 50;
	objects = {

/* Begin PBXBuildFile section */
		D835C9D322E8482700168BC9 /* ViewController.swift in Sources */ = {isa = PBXBuildFile; fileRef = D835C9D222E8482700168BC9 /* ViewController.swift */; };
		D835C9D622E8482700168BC9 /* Main.storyboard in Resources */ = {isa = PBXBuildFile; fileRef = D835C9D422E8482700168BC9 /* Main.storyboard */; };
		D835C9DB22E8482A00168BC9 /* LaunchScreen.storyboard in Resources */ = {isa = PBXBuildFile; fileRef = D835C9D922E8482A00168BC9 /* LaunchScreen.storyboard */; };
		D835C9E422E84CA100168BC9 /* AppDelegate.swift in Sources */ = {isa = PBXBuildFile; fileRef = D835C9E322E84CA100168BC9 /* AppDelegate.swift */; };
		D835C9E722E84DB400168BC9 /* .gitkeep in Resources */ = {isa = PBXBuildFile; fileRef = D835C9E622E84DB400168BC9 /* .gitkeep */; };
		D835C9ED22E8507100168BC9 /* Assets.xcassets in Resources */ = {isa = PBXBuildFile; fileRef = D835C9EC22E8507100168BC9 /* Assets.xcassets */; };
		D835C9F022E851DF00168BC9 /* .gitkeep in Resources */ = {isa = PBXBuildFile; fileRef = D835C9EF22E851DF00168BC9 /* .gitkeep */; };
		D835C9F522E8528300168BC9 /* .gitkeep in Resources */ = {isa = PBXBuildFile; fileRef = D835C9F222E8528200168BC9 /* .gitkeep */; };
		D835C9FB22E8536D00168BC9 /* .gitkeep in Resources */ = {isa = PBXBuildFile; fileRef = D835C9F922E8536D00168BC9 /* .gitkeep */; };
		D835C9FC22E8536D00168BC9 /* .gitkeep in Resources */ = {isa = PBXBuildFile; fileRef = D835C9FA22E8536D00168BC9 /* .gitkeep */; };
		D835C9FF22E8546F00168BC9 /* .gitkeep in Resources */ = {isa = PBXBuildFile; fileRef = D835C9FE22E8546F00168BC9 /* .gitkeep */; };
		D835CA0D22E857D500168BC9 /* .gitkeep in Resources */ = {isa = PBXBuildFile; fileRef = D835CA0622E857D400168BC9 /* .gitkeep */; };
		D835CA0E22E857D500168BC9 /* .gitkeep in Resources */ = {isa = PBXBuildFile; fileRef = D835CA0822E857D400168BC9 /* .gitkeep */; };
		D835CA0F22E857D500168BC9 /* .gitkeep in Resources */ = {isa = PBXBuildFile; fileRef = D835CA0A22E857D400168BC9 /* .gitkeep */; };
		D835CA1022E857D500168BC9 /* .gitkeep in Resources */ = {isa = PBXBuildFile; fileRef = D835CA0C22E857D400168BC9 /* .gitkeep */; };
		D835CA1322E858E000168BC9 /* .gitkeep in Resources */ = {isa = PBXBuildFile; fileRef = D835CA1222E858E000168BC9 /* .gitkeep */; };
/* End PBXBuildFile section */

/* Begin PBXFileReference section */
		D835C9CD22E8482700168BC9 /* HHSwiftTemplate.app */ = {isa = PBXFileReference; explicitFileType = wrapper.application; includeInIndex = 0; path = HHSwiftTemplate.app; sourceTree = BUILT_PRODUCTS_DIR; };
		D835C9D222E8482700168BC9 /* ViewController.swift */ = {isa = PBXFileReference; lastKnownFileType = sourcecode.swift; path = ViewController.swift; sourceTree = "<group>"; };
		D835C9D522E8482700168BC9 /* Base */ = {isa = PBXFileReference; lastKnownFileType = file.storyboard; name = Base; path = Base.lproj/Main.storyboard; sourceTree = "<group>"; };
		D835C9DA22E8482A00168BC9 /* Base */ = {isa = PBXFileReference; lastKnownFileType = file.storyboard; name = Base; path = Base.lproj/LaunchScreen.storyboard; sourceTree = "<group>"; };
		D835C9E322E84CA100168BC9 /* AppDelegate.swift */ = {isa = PBXFileReference; fileEncoding = 4; lastKnownFileType = sourcecode.swift; path = AppDelegate.swift; sourceTree = "<group>"; };
		D835C9E622E84DB400168BC9 /* .gitkeep */ = {isa = PBXFileReference; fileEncoding = 4; lastKnownFileType = text; path = .gitkeep; sourceTree = "<group>"; };
		D835C9E922E84DF800168BC9 /* Info.plist */ = {isa = PBXFileReference; fileEncoding = 4; lastKnownFileType = text.plist.xml; path = Info.plist; sourceTree = "<group>"; };
		D835C9EC22E8507100168BC9 /* Assets.xcassets */ = {isa = PBXFileReference; lastKnownFileType = folder.assetcatalog; path = Assets.xcassets; sourceTree = "<group>"; };
		D835C9EF22E851DF00168BC9 /* .gitkeep */ = {isa = PBXFileReference; fileEncoding = 4; lastKnownFileType = text; path = .gitkeep; sourceTree = "<group>"; };
		D835C9F222E8528200168BC9 /* .gitkeep */ = {isa = PBXFileReference; fileEncoding = 4; lastKnownFileType = text; path = .gitkeep; sourceTree = "<group>"; };
		D835C9F922E8536D00168BC9 /* .gitkeep */ = {isa = PBXFileReference; fileEncoding = 4; lastKnownFileType = text; path = .gitkeep; sourceTree = "<group>"; };
		D835C9FA22E8536D00168BC9 /* .gitkeep */ = {isa = PBXFileReference; fileEncoding = 4; lastKnownFileType = text; path = .gitkeep; sourceTree = "<group>"; };
		D835C9FE22E8546F00168BC9 /* .gitkeep */ = {isa = PBXFileReference; fileEncoding = 4; lastKnownFileType = text; path = .gitkeep; sourceTree = "<group>"; };
		D835CA0622E857D400168BC9 /* .gitkeep */ = {isa = PBXFileReference; fileEncoding = 4; lastKnownFileType = text; path = .gitkeep; sourceTree = "<group>"; };
		D835CA0822E857D400168BC9 /* .gitkeep */ = {isa = PBXFileReference; fileEncoding = 4; lastKnownFileType = text; path = .gitkeep; sourceTree = "<group>"; };
		D835CA0A22E857D400168BC9 /* .gitkeep */ = {isa = PBXFileReference; fileEncoding = 4; lastKnownFileType = text; path = .gitkeep; sourceTree = "<group>"; };
		D835CA0C22E857D400168BC9 /* .gitkeep */ = {isa = PBXFileReference; fileEncoding = 4; lastKnownFileType = text; path = .gitkeep; sourceTree = "<group>"; };
		D835CA1222E858E000168BC9 /* .gitkeep */ = {isa = PBXFileReference; fileEncoding = 4; lastKnownFileType = text; path = .gitkeep; sourceTree = "<group>"; };
/* End PBXFileReference section */

/* Begin PBXFrameworksBuildPhase section */
		D835C9CA22E8482700168BC9 /* Frameworks */ = {
			isa = PBXFrameworksBuildPhase;
			buildActionMask = 2147483647;
			files = (
			);
			runOnlyForDeploymentPostprocessing = 0;
		};
/* End PBXFrameworksBuildPhase section */

/* Begin PBXGroup section */
		D835C9C422E8482700168BC9 = {
			isa = PBXGroup;
			children = (
				D835C9CF22E8482700168BC9 /* HHSwiftTemplate */,
				D835C9CE22E8482700168BC9 /* Products */,
			);
			sourceTree = "<group>";
		};
		D835C9CE22E8482700168BC9 /* Products */ = {
			isa = PBXGroup;
			children = (
				D835C9CD22E8482700168BC9 /* HHSwiftTemplate.app */,
			);
			name = Products;
			sourceTree = "<group>";
		};
		D835C9CF22E8482700168BC9 /* HHSwiftTemplate */ = {
			isa = PBXGroup;
			children = (
				D835CA1122E858E000168BC9 /* Constants */,
				D835CA0B22E857D400168BC9 /* Factories */,
				D835CA0722E857D400168BC9 /* Protocols */,
				D835CA0922E857D400168BC9 /* Router */,
				D835CA0522E857D400168BC9 /* Viper */,
				D835C9FD22E8546F00168BC9 /* Models */,
				D835C9F722E8536D00168BC9 /* ViewControllers */,
				D835C9EE22E851DF00168BC9 /* Modules */,
				D835C9E822E84DF800168BC9 /* Resources */,
				D835C9E522E84DB400168BC9 /* Extensions */,
				D835C9E222E84CA100168BC9 /* Application */,
				D835C9D222E8482700168BC9 /* ViewController.swift */,
				D835C9D422E8482700168BC9 /* Main.storyboard */,
				D835C9D922E8482A00168BC9 /* LaunchScreen.storyboard */,
			);
			path = HHSwiftTemplate;
			sourceTree = "<group>";
		};
		D835C9E222E84CA100168BC9 /* Application */ = {
			isa = PBXGroup;
			children = (
				D835C9E322E84CA100168BC9 /* AppDelegate.swift */,
			);
			path = Application;
			sourceTree = "<group>";
		};
		D835C9E522E84DB400168BC9 /* Extensions */ = {
			isa = PBXGroup;
			children = (
				D835C9E622E84DB400168BC9 /* .gitkeep */,
			);
			path = Extensions;
			sourceTree = "<group>";
		};
		D835C9E822E84DF800168BC9 /* Resources */ = {
			isa = PBXGroup;
			children = (
				D835C9EC22E8507100168BC9 /* Assets.xcassets */,
				D835C9E922E84DF800168BC9 /* Info.plist */,
			);
			path = Resources;
			sourceTree = "<group>";
		};
		D835C9EE22E851DF00168BC9 /* Modules */ = {
			isa = PBXGroup;
			children = (
				D835C9F122E8528200168BC9 /* ModuleA */,
				D835C9EF22E851DF00168BC9 /* .gitkeep */,
			);
			path = Modules;
			sourceTree = "<group>";
		};
		D835C9F122E8528200168BC9 /* ModuleA */ = {
			isa = PBXGroup;
			children = (
				D835C9F222E8528200168BC9 /* .gitkeep */,
			);
			path = ModuleA;
			sourceTree = "<group>";
		};
		D835C9F722E8536D00168BC9 /* ViewControllers */ = {
			isa = PBXGroup;
			children = (
				D835C9F822E8536D00168BC9 /* Home */,
				D835C9FA22E8536D00168BC9 /* .gitkeep */,
			);
			path = ViewControllers;
			sourceTree = "<group>";
		};
		D835C9F822E8536D00168BC9 /* Home */ = {
			isa = PBXGroup;
			children = (
				D835C9F922E8536D00168BC9 /* .gitkeep */,
			);
			path = Home;
			sourceTree = "<group>";
		};
		D835C9FD22E8546F00168BC9 /* Models */ = {
			isa = PBXGroup;
			children = (
				D835C9FE22E8546F00168BC9 /* .gitkeep */,
			);
			path = Models;
			sourceTree = "<group>";
		};
		D835CA0522E857D400168BC9 /* Viper */ = {
			isa = PBXGroup;
			children = (
				D835CA0622E857D400168BC9 /* .gitkeep */,
			);
			path = Viper;
			sourceTree = "<group>";
		};
		D835CA0722E857D400168BC9 /* Protocols */ = {
			isa = PBXGroup;
			children = (
				D835CA0822E857D400168BC9 /* .gitkeep */,
			);
			path = Protocols;
			sourceTree = "<group>";
		};
		D835CA0922E857D400168BC9 /* Router */ = {
			isa = PBXGroup;
			children = (
				D835CA0A22E857D400168BC9 /* .gitkeep */,
			);
			path = Router;
			sourceTree = "<group>";
		};
		D835CA0B22E857D400168BC9 /* Factories */ = {
			isa = PBXGroup;
			children = (
				D835CA0C22E857D400168BC9 /* .gitkeep */,
			);
			path = Factories;
			sourceTree = "<group>";
		};
		D835CA1122E858E000168BC9 /* Constants */ = {
			isa = PBXGroup;
			children = (
				D835CA1222E858E000168BC9 /* .gitkeep */,
			);
			path = Constants;
			sourceTree = "<group>";
		};
/* End PBXGroup section */

/* Begin PBXNativeTarget section */
		D835C9CC22E8482700168BC9 /* HHSwiftTemplate */ = {
			isa = PBXNativeTarget;
			buildConfigurationList = D835C9DF22E8482A00168BC9 /* Build configuration list for PBXNativeTarget "HHSwiftTemplate" */;
			buildPhases = (
				D835C9C922E8482700168BC9 /* Sources */,
				D835C9CA22E8482700168BC9 /* Frameworks */,
				D835C9CB22E8482700168BC9 /* Resources */,
			);
			buildRules = (
			);
			dependencies = (
			);
			name = HHSwiftTemplate;
			productName = HHSwiftTemplate;
			productReference = D835C9CD22E8482700168BC9 /* HHSwiftTemplate.app */;
			productType = "com.apple.product-type.application";
		};
/* End PBXNativeTarget section */

/* Begin PBXProject section */
		D835C9C522E8482700168BC9 /* Project object */ = {
			isa = PBXProject;
			attributes = {
				LastSwiftUpdateCheck = 1010;
				LastUpgradeCheck = 1010;
				ORGANIZATIONNAME = wangcenttest;
				TargetAttributes = {
					D835C9CC22E8482700168BC9 = {
						CreatedOnToolsVersion = 10.1;
					};
				};
			};
			buildConfigurationList = D835C9C822E8482700168BC9 /* Build configuration list for PBXProject "HHSwiftTemplate" */;
			compatibilityVersion = "Xcode 9.3";
			developmentRegion = en;
			hasScannedForEncodings = 0;
			knownRegions = (
				en,
				Base,
			);
			mainGroup = D835C9C422E8482700168BC9;
			productRefGroup = D835C9CE22E8482700168BC9 /* Products */;
			projectDirPath = "";
			projectRoot = "";
			targets = (
				D835C9CC22E8482700168BC9 /* HHSwiftTemplate */,
			);
		};
/* End PBXProject section */

/* Begin PBXResourcesBuildPhase section */
		D835C9CB22E8482700168BC9 /* Resources */ = {
			isa = PBXResourcesBuildPhase;
			buildActionMask = 2147483647;
			files = (
				D835C9DB22E8482A00168BC9 /* LaunchScreen.storyboard in Resources */,
				D835C9D622E8482700168BC9 /* Main.storyboard in Resources */,
				D835CA0E22E857D500168BC9 /* .gitkeep in Resources */,
				D835CA0F22E857D500168BC9 /* .gitkeep in Resources */,
				D835C9F022E851DF00168BC9 /* .gitkeep in Resources */,
				D835C9FF22E8546F00168BC9 /* .gitkeep in Resources */,
				D835C9F522E8528300168BC9 /* .gitkeep in Resources */,
				D835C9ED22E8507100168BC9 /* Assets.xcassets in Resources */,
				D835CA1022E857D500168BC9 /* .gitkeep in Resources */,
				D835C9E722E84DB400168BC9 /* .gitkeep in Resources */,
				D835CA0D22E857D500168BC9 /* .gitkeep in Resources */,
				D835C9FB22E8536D00168BC9 /* .gitkeep in Resources */,
				D835C9FC22E8536D00168BC9 /* .gitkeep in Resources */,
				D835CA1322E858E000168BC9 /* .gitkeep in Resources */,
			);
			runOnlyForDeploymentPostprocessing = 0;
		};
/* End PBXResourcesBuildPhase section */

/* Begin PBXSourcesBuildPhase section */
		D835C9C922E8482700168BC9 /* Sources */ = {
			isa = PBXSourcesBuildPhase;
			buildActionMask = 2147483647;
			files = (
				D835C9E422E84CA100168BC9 /* AppDelegate.swift in Sources */,
				D835C9D322E8482700168BC9 /* ViewController.swift in Sources */,
			);
			runOnlyForDeploymentPostprocessing = 0;
		};
/* End PBXSourcesBuildPhase section */

/* Begin PBXVariantGroup section */
		D835C9D422E8482700168BC9 /* Main.storyboard */ = {
			isa = PBXVariantGroup;
			children = (
				D835C9D522E8482700168BC9 /* Base */,
			);
			name = Main.storyboard;
			sourceTree = "<group>";
		};
		D835C9D922E8482A00168BC9 /* LaunchScreen.storyboard */ = {
			isa = PBXVariantGroup;
			children = (
				D835C9DA22E8482A00168BC9 /* Base */,
			);
			name = LaunchScreen.storyboard;
			sourceTree = "<group>";
		};
/* End PBXVariantGroup section */

/* Begin XCBuildConfiguration section */
		D835C9DD22E8482A00168BC9 /* Debug */ = {
			isa = XCBuildConfiguration;
			buildSettings = {
				ALWAYS_SEARCH_USER_PATHS = NO;
				CLANG_ANALYZER_NONNULL = YES;
				CLANG_ANALYZER_NUMBER_OBJECT_CONVERSION = YES_AGGRESSIVE;
				CLANG_CXX_LANGUAGE_STANDARD = "gnu++14";
				CLANG_CXX_LIBRARY = "libc++";
				CLANG_ENABLE_MODULES = YES;
				CLANG_ENABLE_OBJC_ARC = YES;
				CLANG_ENABLE_OBJC_WEAK = YES;
				CLANG_WARN_BLOCK_CAPTURE_AUTORELEASING = YES;
				CLANG_WARN_BOOL_CONVERSION = YES;
				CLANG_WARN_COMMA = YES;
				CLANG_WARN_CONSTANT_CONVERSION = YES;
				CLANG_WARN_DEPRECATED_OBJC_IMPLEMENTATIONS = YES;
				CLANG_WARN_DIRECT_OBJC_ISA_USAGE = YES_ERROR;
				CLANG_WARN_DOCUMENTATION_COMMENTS = YES;
				CLANG_WARN_EMPTY_BODY = YES;
				CLANG_WARN_ENUM_CONVERSION = YES;
				CLANG_WARN_INFINITE_RECURSION = YES;
				CLANG_WARN_INT_CONVERSION = YES;
				CLANG_WARN_NON_LITERAL_NULL_CONVERSION = YES;
				CLANG_WARN_OBJC_IMPLICIT_RETAIN_SELF = YES;
				CLANG_WARN_OBJC_LITERAL_CONVERSION = YES;
				CLANG_WARN_OBJC_ROOT_CLASS = YES_ERROR;
				CLANG_WARN_RANGE_LOOP_ANALYSIS = YES;
				CLANG_WARN_STRICT_PROTOTYPES = YES;
				CLANG_WARN_SUSPICIOUS_MOVE = YES;
				CLANG_WARN_UNGUARDED_AVAILABILITY = YES_AGGRESSIVE;
				CLANG_WARN_UNREACHABLE_CODE = YES;
				CLANG_WARN__DUPLICATE_METHOD_MATCH = YES;
				CODE_SIGN_IDENTITY = "iPhone Developer";
				COPY_PHASE_STRIP = NO;
				DEBUG_INFORMATION_FORMAT = dwarf;
				ENABLE_STRICT_OBJC_MSGSEND = YES;
				ENABLE_TESTABILITY = YES;
				GCC_C_LANGUAGE_STANDARD = gnu11;
				GCC_DYNAMIC_NO_PIC = NO;
				GCC_NO_COMMON_BLOCKS = YES;
				GCC_OPTIMIZATION_LEVEL = 0;
				GCC_PREPROCESSOR_DEFINITIONS = (
					"DEBUG=1",
					"$(inherited)",
				);
				GCC_WARN_64_TO_32_BIT_CONVERSION = YES;
				GCC_WARN_ABOUT_RETURN_TYPE = YES_ERROR;
				GCC_WARN_UNDECLARED_SELECTOR = YES;
				GCC_WARN_UNINITIALIZED_AUTOS = YES_AGGRESSIVE;
				GCC_WARN_UNUSED_FUNCTION = YES;
				GCC_WARN_UNUSED_VARIABLE = YES;
				IPHONEOS_DEPLOYMENT_TARGET = 12.1;
				MTL_ENABLE_DEBUG_INFO = INCLUDE_SOURCE;
				MTL_FAST_MATH = YES;
				ONLY_ACTIVE_ARCH = YES;
				SDKROOT = iphoneos;
				SWIFT_ACTIVE_COMPILATION_CONDITIONS = DEBUG;
				SWIFT_OPTIMIZATION_LEVEL = "-Onone";
			};
			name = Debug;
		};
		D835C9DE22E8482A00168BC9 /* Release */ = {
			isa = XCBuildConfiguration;
			buildSettings = {
				ALWAYS_SEARCH_USER_PATHS = NO;
				CLANG_ANALYZER_NONNULL = YES;
				CLANG_ANALYZER_NUMBER_OBJECT_CONVERSION = YES_AGGRESSIVE;
				CLANG_CXX_LANGUAGE_STANDARD = "gnu++14";
				CLANG_CXX_LIBRARY = "libc++";
				CLANG_ENABLE_MODULES = YES;
				CLANG_ENABLE_OBJC_ARC = YES;
				CLANG_ENABLE_OBJC_WEAK = YES;
				CLANG_WARN_BLOCK_CAPTURE_AUTORELEASING = YES;
				CLANG_WARN_BOOL_CONVERSION = YES;
				CLANG_WARN_COMMA = YES;
				CLANG_WARN_CONSTANT_CONVERSION = YES;
				CLANG_WARN_DEPRECATED_OBJC_IMPLEMENTATIONS = YES;
				CLANG_WARN_DIRECT_OBJC_ISA_USAGE = YES_ERROR;
				CLANG_WARN_DOCUMENTATION_COMMENTS = YES;
				CLANG_WARN_EMPTY_BODY = YES;
				CLANG_WARN_ENUM_CONVERSION = YES;
				CLANG_WARN_INFINITE_RECURSION = YES;
				CLANG_WARN_INT_CONVERSION = YES;
				CLANG_WARN_NON_LITERAL_NULL_CONVERSION = YES;
				CLANG_WARN_OBJC_IMPLICIT_RETAIN_SELF = YES;
				CLANG_WARN_OBJC_LITERAL_CONVERSION = YES;
				CLANG_WARN_OBJC_ROOT_CLASS = YES_ERROR;
				CLANG_WARN_RANGE_LOOP_ANALYSIS = YES;
				CLANG_WARN_STRICT_PROTOTYPES = YES;
				CLANG_WARN_SUSPICIOUS_MOVE = YES;
				CLANG_WARN_UNGUARDED_AVAILABILITY = YES_AGGRESSIVE;
				CLANG_WARN_UNREACHABLE_CODE = YES;
				CLANG_WARN__DUPLICATE_METHOD_MATCH = YES;
				CODE_SIGN_IDENTITY = "iPhone Developer";
				COPY_PHASE_STRIP = NO;
				DEBUG_INFORMATION_FORMAT = "dwarf-with-dsym";
				ENABLE_NS_ASSERTIONS = NO;
				ENABLE_STRICT_OBJC_MSGSEND = YES;
				GCC_C_LANGUAGE_STANDARD = gnu11;
				GCC_NO_COMMON_BLOCKS = YES;
				GCC_WARN_64_TO_32_BIT_CONVERSION = YES;
				GCC_WARN_ABOUT_RETURN_TYPE = YES_ERROR;
				GCC_WARN_UNDECLARED_SELECTOR = YES;
				GCC_WARN_UNINITIALIZED_AUTOS = YES_AGGRESSIVE;
				GCC_WARN_UNUSED_FUNCTION = YES;
				GCC_WARN_UNUSED_VARIABLE = YES;
				IPHONEOS_DEPLOYMENT_TARGET = 12.1;
				MTL_ENABLE_DEBUG_INFO = NO;
				MTL_FAST_MATH = YES;
				SDKROOT = iphoneos;
				SWIFT_COMPILATION_MODE = wholemodule;
				SWIFT_OPTIMIZATION_LEVEL = "-O";
				VALIDATE_PRODUCT = YES;
			};
			name = Release;
		};
		D835C9E022E8482A00168BC9 /* Debug */ = {
			isa = XCBuildConfiguration;
			buildSettings = {
				ASSETCATALOG_COMPILER_APPICON_NAME = AppIcon;
				CODE_SIGN_STYLE = Automatic;
				DEVELOPMENT_TEAM = K3KX659AR4;
				INFOPLIST_FILE = "$(SRCROOT)/HHSwiftTemplate/Resources/Info.plist";
				LD_RUNPATH_SEARCH_PATHS = (
					"$(inherited)",
					"@executable_path/Frameworks",
				);
				PRODUCT_BUNDLE_IDENTIFIER = com.hans.HHSwiftTemplate;
				PRODUCT_NAME = "$(TARGET_NAME)";
				SWIFT_VERSION = 4.2;
				TARGETED_DEVICE_FAMILY = "1,2";
			};
			name = Debug;
		};
		D835C9E122E8482A00168BC9 /* Release */ = {
			isa = XCBuildConfiguration;
			buildSettings = {
				ASSETCATALOG_COMPILER_APPICON_NAME = AppIcon;
				CODE_SIGN_STYLE = Automatic;
				DEVELOPMENT_TEAM = K3KX659AR4;
				INFOPLIST_FILE = "$(SRCROOT)/HHSwiftTemplate/Resources/Info.plist";
				LD_RUNPATH_SEARCH_PATHS = (
					"$(inherited)",
					"@executable_path/Frameworks",
				);
				PRODUCT_BUNDLE_IDENTIFIER = com.hans.HHSwiftTemplate;
				PRODUCT_NAME = "$(TARGET_NAME)";
				SWIFT_VERSION = 4.2;
				TARGETED_DEVICE_FAMILY = "1,2";
			};
			name = Release;
		};
/* End XCBuildConfiguration section */

/* Begin XCConfigurationList section */
		D835C9C822E8482700168BC9 /* Build configuration list for PBXProject "HHSwiftTemplate" */ = {
			isa = XCConfigurationList;
			buildConfigurations = (
				D835C9DD22E8482A00168BC9 /* Debug */,
				D835C9DE22E8482A00168BC9 /* Release */,
			);
			defaultConfigurationIsVisible = 0;
			defaultConfigurationName = Release;
		};
		D835C9DF22E8482A00168BC9 /* Build configuration list for PBXNativeTarget "HHSwiftTemplate" */ = {
			isa = XCConfigurationList;
			buildConfigurations = (
				D835C9E022E8482A00168BC9 /* Debug */,
				D835C9E122E8482A00168BC9 /* Release */,
			);
			defaultConfigurationIsVisible = 0;
			defaultConfigurationName = Release;
		};
/* End XCConfigurationList section */
	};
	rootObject = D835C9C522E8482700168BC9 /* Project object */;
}
